{
  "version": 4,
  "terraform_version": "1.8.2",
  "serial": 11,
  "lineage": "74e3a6b5-db13-1469-dcd3-e46b729b6009",
  "outputs": {},
  "resources": [
    {
      "mode": "data",
      "type": "digitalocean_ssh_key",
      "name": "terraform",
      "provider": "provider[\"registry.terraform.io/digitalocean/digitalocean\"]",
      "instances": [
        {
          "schema_version": 0,
          "attributes": {
            "fingerprint": "6c:6f:2d:dd:73:48:58:ff:3f:96:d6:72:64:6f:db:c8",
            "id": 41819718,
            "name": "hexlet-vm",
            "public_key": "ssh-rsa AAAAB3NzaC1yc2EAAAADAQABAAABAQC4UjWMZOD+d/DLmuDt85LmiJX9WcmUZetpiRAKUx3hTOyDIKBIHSZ2uD0uXICX47nakaBMpJOkxtxLyF9BdyC9nHkk19kCeaquwv6Ta2vPDq6Ww1cXARtWRYrkyUELRvmCWM2hOZ+sRJRf8te0rnRVabI3zEjUGXskwppBur9trI9EJDkIhcr7rJWlp18saqbxUoB2NL5qJ5WafXLfnuZ2NHjsKGj7dOGv6z1p/CSMyhv7zOL2Pwu/jZAE4SWI+warggPH1l7HuWh9k2jYK50dkpxdE1U+co2JICCZH+YaPa6RDYP8I0LEK1hgwNvtO9jjr5wBiSJv9Y2dpBFzNkxV hexlet@mafrarrixs-playground"
          },
          "sensitive_attributes": []
        }
      ]
    },
    {
      "mode": "managed",
      "type": "digitalocean_droplet",
      "name": "www-1",
      "provider": "provider[\"registry.terraform.io/digitalocean/digitalocean\"]",
      "instances": [
        {
          "schema_version": 1,
          "attributes": {
            "backups": false,
            "created_at": "2024-05-12T23:25:32Z",
            "disk": 60,
            "droplet_agent": null,
            "graceful_shutdown": false,
            "id": "418413093",
            "image": "ubuntu-20-04-x64",
            "ipv4_address": "164.90.191.128",
            "ipv4_address_private": "10.114.0.2",
            "ipv6": false,
            "ipv6_address": "",
            "locked": false,
            "memory": 2048,
            "monitoring": false,
            "name": "www-1",
            "price_hourly": 0.02679,
            "price_monthly": 18,
            "private_networking": true,
            "region": "fra1",
            "resize_disk": true,
            "size": "s-2vcpu-2gb",
            "ssh_keys": [
              "41819718"
            ],
            "status": "active",
            "tags": null,
            "timeouts": null,
            "urn": "do:droplet:418413093",
            "user_data": null,
            "vcpus": 2,
            "volume_ids": [],
            "vpc_uuid": "fd429709-497a-48a0-9003-12567e675efa"
          },
          "sensitive_attributes": [],
          "private": "eyJlMmJmYjczMC1lY2FhLTExZTYtOGY4OC0zNDM2M2JjN2M0YzAiOnsiY3JlYXRlIjozNjAwMDAwMDAwMDAwLCJkZWxldGUiOjYwMDAwMDAwMDAwLCJ1cGRhdGUiOjM2MDAwMDAwMDAwMDB9LCJzY2hlbWFfdmVyc2lvbiI6IjEifQ==",
          "dependencies": [
            "data.digitalocean_ssh_key.terraform"
          ]
        }
      ]
    }
  ],
  "check_results": null
}
